
Microsoft Visual Studio Solution File, Format Version 12.00
# Visual Studio Version 17
VisualStudioVersion = 17.9.34728.123
MinimumVisualStudioVersion = 10.0.40219.1
Project("{FAE04EC0-301F-11D3-BF4B-00C04F79EFBC}") = "TrackerLibrary", "TrackerLibrary\TrackerLibrary.csproj", "{D8E0E2EC-9037-47AB-804A-169A89A79C97}"
EndProject
Project("{FAE04EC0-301F-11D3-BF4B-00C04F79EFBC}") = "TrackerUI", "TrackerUI\TrackerUI.csproj", "{12A51FD9-8D81-4ED3-8FFE-559D3BBFBEA4}"
EndProject
Global
	GlobalSection(SolutionConfigurationPlatforms) = preSolution
		Debug|Any CPU = Debug|Any CPU
		Release|Any CPU = Release|Any CPU
	EndGlobalSection
	GlobalSection(ProjectConfigurationPlatforms) = postSolution
		{D8E0E2EC-9037-47AB-804A-169A89A79C97}.Debug|Any CPU.ActiveCfg = Debug|Any CPU
		{D8E0E2EC-9037-47AB-804A-169A89A79C97}.Debug|Any CPU.Build.0 = Debug|Any CPU
		{D8E0E2EC-9037-47AB-804A-169A89A79C97}.Release|Any CPU.ActiveCfg = Release|Any CPU
		{D8E0E2EC-9037-47AB-804A-169A89A79C97}.Release|Any CPU.Build.0 = Release|Any CPU
		{12A51FD9-8D81-4ED3-8FFE-559D3BBFBEA4}.Debug|Any CPU.ActiveCfg = Debug|Any CPU
		{12A51FD9-8D81-4ED3-8FFE-559D3BBFBEA4}.Debug|Any CPU.Build.0 = Debug|Any CPU
		{12A51FD9-8D81-4ED3-8FFE-559D3BBFBEA4}.Release|Any CPU.ActiveCfg = Release|Any CPU
		{12A51FD9-8D81-4ED3-8FFE-559D3BBFBEA4}.Release|Any CPU.Build.0 = Release|Any CPU
	EndGlobalSection
	GlobalSection(SolutionProperties) = preSolution
		HideSolutionNode = FALSE
	EndGlobalSection
	GlobalSection(ExtensibilityGlobals) = postSolution
		SolutionGuid = {A751BA2A-F328-4AAA-B39E-AB85FAC115D0}
	EndGlobalSection
EndGlobal
